
Microsoft Visual Studio Solution File, Format Version 12.00
# Visual Studio Version 17
VisualStudioVersion = 17.13.35806.99 d17.13
MinimumVisualStudioVersion = 10.0.40219.1
Project("{8BC9CEB8-8B4A-11D0-8D11-00A0C91BC942}") = "Assignments 04", "Assignments 04\Assignments 04.vcxproj", "{55DD1E0C-A87D-4298-9050-C47AD5B8FA81}"
EndProject
Global
	GlobalSection(SolutionConfigurationPlatforms) = preSolution
		Debug|x64 = Debug|x64
		Debug|x86 = Debug|x86
		Release|x64 = Release|x64
		Release|x86 = Release|x86
	EndGlobalSection
	GlobalSection(ProjectConfigurationPlatforms) = postSolution
		{55DD1E0C-A87D-4298-9050-C47AD5B8FA81}.Debug|x64.ActiveCfg = Debug|x64
		{55DD1E0C-A87D-4298-9050-C47AD5B8FA81}.Debug|x64.Build.0 = Debug|x64
		{55DD1E0C-A87D-4298-9050-C47AD5B8FA81}.Debug|x86.ActiveCfg = Debug|Win32
		{55DD1E0C-A87D-4298-9050-C47AD5B8FA81}.Debug|x86.Build.0 = Debug|Win32
		{55DD1E0C-A87D-4298-9050-C47AD5B8FA81}.Release|x64.ActiveCfg = Release|x64
		{55DD1E0C-A87D-4298-9050-C47AD5B8FA81}.Release|x64.Build.0 = Release|x64
		{55DD1E0C-A87D-4298-9050-C47AD5B8FA81}.Release|x86.ActiveCfg = Release|Win32
		{55DD1E0C-A87D-4298-9050-C47AD5B8FA81}.Release|x86.Build.0 = Release|Win32
	EndGlobalSection
	GlobalSection(SolutionProperties) = preSolution
		HideSolutionNode = FALSE
	EndGlobalSection
	GlobalSection(ExtensibilityGlobals) = postSolution
		SolutionGuid = {3210E63A-50F6-4F9F-882C-8B145DAC8A90}
	EndGlobalSection
EndGlobal
